
Microsoft Visual Studio Solution File, Format Version 12.00
# Visual Studio Version 16
VisualStudioVersion = 16.0.33214.272
MinimumVisualStudioVersion = 10.0.40219.1
Project("{FAE04EC0-301F-11D3-BF4B-00C04F79EFBC}") = "HTTP5112_Assignment1_ReyAbdul", "HTTP5112_Assignment1_ReyAbdul\HTTP5112_Assignment1_ReyAbdul.csproj", "{765A16C7-6479-498C-B647-4EA24ACDF70D}"
EndProject
Global
	GlobalSection(SolutionConfigurationPlatforms) = preSolution
		Debug|Any CPU = Debug|Any CPU
		Release|Any CPU = Release|Any CPU
	EndGlobalSection
	GlobalSection(ProjectConfigurationPlatforms) = postSolution
		{765A16C7-6479-498C-B647-4EA24ACDF70D}.Debug|Any CPU.ActiveCfg = Debug|Any CPU
		{765A16C7-6479-498C-B647-4EA24ACDF70D}.Debug|Any CPU.Build.0 = Debug|Any CPU
		{765A16C7-6479-498C-B647-4EA24ACDF70D}.Release|Any CPU.ActiveCfg = Release|Any CPU
		{765A16C7-6479-498C-B647-4EA24ACDF70D}.Release|Any CPU.Build.0 = Release|Any CPU
	EndGlobalSection
	GlobalSection(SolutionProperties) = preSolution
		HideSolutionNode = FALSE
	EndGlobalSection
	GlobalSection(ExtensibilityGlobals) = postSolution
		SolutionGuid = {9EDABD1F-7FF2-4160-864E-3286AD1B4452}
	EndGlobalSection
EndGlobal
